
Microsoft Visual Studio Solution File, Format Version 12.00
# Visual Studio Version 17
VisualStudioVersion = 17.5.002.0
MinimumVisualStudioVersion = 10.0.40219.1
Project("{9A19103F-16F7-4668-BE54-9A1E7A4F7556}") = "WebAPI", "WebAPI.csproj", "{D55CB88F-0116-4D8B-9D7E-1F982AFBF64C}"
EndProject
Global
	GlobalSection(SolutionConfigurationPlatforms) = preSolution
		Debug|Any CPU = Debug|Any CPU
		Release|Any CPU = Release|Any CPU
	EndGlobalSection
	GlobalSection(ProjectConfigurationPlatforms) = postSolution
		{D55CB88F-0116-4D8B-9D7E-1F982AFBF64C}.Debug|Any CPU.ActiveCfg = Debug|Any CPU
		{D55CB88F-0116-4D8B-9D7E-1F982AFBF64C}.Debug|Any CPU.Build.0 = Debug|Any CPU
		{D55CB88F-0116-4D8B-9D7E-1F982AFBF64C}.Release|Any CPU.ActiveCfg = Release|Any CPU
		{D55CB88F-0116-4D8B-9D7E-1F982AFBF64C}.Release|Any CPU.Build.0 = Release|Any CPU
	EndGlobalSection
	GlobalSection(SolutionProperties) = preSolution
		HideSolutionNode = FALSE
	EndGlobalSection
	GlobalSection(ExtensibilityGlobals) = postSolution
		SolutionGuid = {7F8FF12A-79A4-40C7-8A24-A06C7120C408}
	EndGlobalSection
EndGlobal
